
Microsoft Visual Studio Solution File, Format Version 12.00
# Visual Studio 15
Project("{FAE04EC0-301F-11D3-BF4B-00C04F79EFBC}") = "UltimateXR", "UltimateXR.csproj", "{E70B38AA-A8C4-49AA-AA50-CBADBA1F6730}"
EndProject
Project("{FAE04EC0-301F-11D3-BF4B-00C04F79EFBC}") = "UltimateXR.Editor", "UltimateXR.Editor.csproj", "{6D0110B0-E58F-D7EA-B352-B7731C25613D}"
EndProject
Project("{FAE04EC0-301F-11D3-BF4B-00C04F79EFBC}") = "Assembly-CSharp", "Assembly-CSharp.csproj", "{4C1CE865-76B5-4AFF-FC39-96FEBCCB6AB8}"
EndProject
Project("{FAE04EC0-301F-11D3-BF4B-00C04F79EFBC}") = "UltimateXR.Examples", "UltimateXR.Examples.csproj", "{1BC70BAD-CD97-CD3F-85D9-99C0A4B01002}"
EndProject
Project("{FAE04EC0-301F-11D3-BF4B-00C04F79EFBC}") = "Unity.XR.Interaction.Toolkit.Samples.StarterAssets", "Unity.XR.Interaction.Toolkit.Samples.StarterAssets.csproj", "{06A8BF77-91F7-413C-B74C-1D8DE24D5617}"
EndProject
Project("{FAE04EC0-301F-11D3-BF4B-00C04F79EFBC}") = "Assembly-CSharp-Editor", "Assembly-CSharp-Editor.csproj", "{F3F0E269-31BC-5FCA-C624-7FC8F3E56831}"
EndProject
Project("{FAE04EC0-301F-11D3-BF4B-00C04F79EFBC}") = "OccaSoftware.Fireworks.Runtime", "OccaSoftware.Fireworks.Runtime.csproj", "{8B3C3404-0FBC-59B0-43AE-6DFFFF98679C}"
EndProject
Project("{FAE04EC0-301F-11D3-BF4B-00C04F79EFBC}") = "Unity.XR.Interaction.Toolkit.Samples.StarterAssets.Editor", "Unity.XR.Interaction.Toolkit.Samples.StarterAssets.Editor.csproj", "{2112C6FA-A715-6E2D-8FD6-7A20C58E898E}"
EndProject
Global
	GlobalSection(SolutionConfigurationPlatforms) = preSolution
		Debug|Any CPU = Debug|Any CPU
		Release|Any CPU = Release|Any CPU
	EndGlobalSection
	GlobalSection(ProjectConfigurationPlatforms) = postSolution
		{E70B38AA-A8C4-49AA-AA50-CBADBA1F6730}.Debug|Any CPU.ActiveCfg = Debug|Any CPU
		{E70B38AA-A8C4-49AA-AA50-CBADBA1F6730}.Debug|Any CPU.Build.0 = Debug|Any CPU
		{E70B38AA-A8C4-49AA-AA50-CBADBA1F6730}.Release|Any CPU.ActiveCfg = Release|Any CPU
		{E70B38AA-A8C4-49AA-AA50-CBADBA1F6730}.Release|Any CPU.Build.0 = Release|Any CPU
		{6D0110B0-E58F-D7EA-B352-B7731C25613D}.Debug|Any CPU.ActiveCfg = Debug|Any CPU
		{6D0110B0-E58F-D7EA-B352-B7731C25613D}.Debug|Any CPU.Build.0 = Debug|Any CPU
		{6D0110B0-E58F-D7EA-B352-B7731C25613D}.Release|Any CPU.ActiveCfg = Release|Any CPU
		{6D0110B0-E58F-D7EA-B352-B7731C25613D}.Release|Any CPU.Build.0 = Release|Any CPU
		{4C1CE865-76B5-4AFF-FC39-96FEBCCB6AB8}.Debug|Any CPU.ActiveCfg = Debug|Any CPU
		{4C1CE865-76B5-4AFF-FC39-96FEBCCB6AB8}.Debug|Any CPU.Build.0 = Debug|Any CPU
		{4C1CE865-76B5-4AFF-FC39-96FEBCCB6AB8}.Release|Any CPU.ActiveCfg = Release|Any CPU
		{4C1CE865-76B5-4AFF-FC39-96FEBCCB6AB8}.Release|Any CPU.Build.0 = Release|Any CPU
		{1BC70BAD-CD97-CD3F-85D9-99C0A4B01002}.Debug|Any CPU.ActiveCfg = Debug|Any CPU
		{1BC70BAD-CD97-CD3F-85D9-99C0A4B01002}.Debug|Any CPU.Build.0 = Debug|Any CPU
		{1BC70BAD-CD97-CD3F-85D9-99C0A4B01002}.Release|Any CPU.ActiveCfg = Release|Any CPU
		{1BC70BAD-CD97-CD3F-85D9-99C0A4B01002}.Release|Any CPU.Build.0 = Release|Any CPU
		{06A8BF77-91F7-413C-B74C-1D8DE24D5617}.Debug|Any CPU.ActiveCfg = Debug|Any CPU
		{06A8BF77-91F7-413C-B74C-1D8DE24D5617}.Debug|Any CPU.Build.0 = Debug|Any CPU
		{06A8BF77-91F7-413C-B74C-1D8DE24D5617}.Release|Any CPU.ActiveCfg = Release|Any CPU
		{06A8BF77-91F7-413C-B74C-1D8DE24D5617}.Release|Any CPU.Build.0 = Release|Any CPU
		{F3F0E269-31BC-5FCA-C624-7FC8F3E56831}.Debug|Any CPU.ActiveCfg = Debug|Any CPU
		{F3F0E269-31BC-5FCA-C624-7FC8F3E56831}.Debug|Any CPU.Build.0 = Debug|Any CPU
		{F3F0E269-31BC-5FCA-C624-7FC8F3E56831}.Release|Any CPU.ActiveCfg = Release|Any CPU
		{F3F0E269-31BC-5FCA-C624-7FC8F3E56831}.Release|Any CPU.Build.0 = Release|Any CPU
		{8B3C3404-0FBC-59B0-43AE-6DFFFF98679C}.Debug|Any CPU.ActiveCfg = Debug|Any CPU
		{8B3C3404-0FBC-59B0-43AE-6DFFFF98679C}.Debug|Any CPU.Build.0 = Debug|Any CPU
		{8B3C3404-0FBC-59B0-43AE-6DFFFF98679C}.Release|Any CPU.ActiveCfg = Release|Any CPU
		{8B3C3404-0FBC-59B0-43AE-6DFFFF98679C}.Release|Any CPU.Build.0 = Release|Any CPU
		{2112C6FA-A715-6E2D-8FD6-7A20C58E898E}.Debug|Any CPU.ActiveCfg = Debug|Any CPU
		{2112C6FA-A715-6E2D-8FD6-7A20C58E898E}.Debug|Any CPU.Build.0 = Debug|Any CPU
		{2112C6FA-A715-6E2D-8FD6-7A20C58E898E}.Release|Any CPU.ActiveCfg = Release|Any CPU
		{2112C6FA-A715-6E2D-8FD6-7A20C58E898E}.Release|Any CPU.Build.0 = Release|Any CPU
	EndGlobalSection
	GlobalSection(SolutionProperties) = preSolution
		HideSolutionNode = FALSE
	EndGlobalSection
EndGlobal
