
Microsoft Visual Studio Solution File, Format Version 12.00
# Visual Studio 15
Project("{FAE04EC0-301F-11D3-BF4B-00C04F79EFBC}") = "Assembly-CSharp", "Assembly-CSharp.csproj", "{4C1CE865-76B5-4AFF-FC39-96FEBCCB6AB8}"
EndProject
Project("{FAE04EC0-301F-11D3-BF4B-00C04F79EFBC}") = "Unity.XR.Interaction.Toolkit.Samples.StarterAssets", "Unity.XR.Interaction.Toolkit.Samples.StarterAssets.csproj", "{06A8BF77-91F7-413C-B74C-1D8DE24D5617}"
EndProject
Project("{FAE04EC0-301F-11D3-BF4B-00C04F79EFBC}") = "Unity.XR.Interaction.Toolkit.Samples.StarterAssets.Editor", "Unity.XR.Interaction.Toolkit.Samples.StarterAssets.Editor.csproj", "{2112C6FA-A715-6E2D-8FD6-7A20C58E898E}"
EndProject
Global
	GlobalSection(SolutionConfigurationPlatforms) = preSolution
		Debug|Any CPU = Debug|Any CPU
		Release|Any CPU = Release|Any CPU
	EndGlobalSection
	GlobalSection(ProjectConfigurationPlatforms) = postSolution
		{4C1CE865-76B5-4AFF-FC39-96FEBCCB6AB8}.Debug|Any CPU.ActiveCfg = Debug|Any CPU
		{4C1CE865-76B5-4AFF-FC39-96FEBCCB6AB8}.Debug|Any CPU.Build.0 = Debug|Any CPU
		{4C1CE865-76B5-4AFF-FC39-96FEBCCB6AB8}.Release|Any CPU.ActiveCfg = Release|Any CPU
		{4C1CE865-76B5-4AFF-FC39-96FEBCCB6AB8}.Release|Any CPU.Build.0 = Release|Any CPU
		{06A8BF77-91F7-413C-B74C-1D8DE24D5617}.Debug|Any CPU.ActiveCfg = Debug|Any CPU
		{06A8BF77-91F7-413C-B74C-1D8DE24D5617}.Debug|Any CPU.Build.0 = Debug|Any CPU
		{06A8BF77-91F7-413C-B74C-1D8DE24D5617}.Release|Any CPU.ActiveCfg = Release|Any CPU
		{06A8BF77-91F7-413C-B74C-1D8DE24D5617}.Release|Any CPU.Build.0 = Release|Any CPU
		{2112C6FA-A715-6E2D-8FD6-7A20C58E898E}.Debug|Any CPU.ActiveCfg = Debug|Any CPU
		{2112C6FA-A715-6E2D-8FD6-7A20C58E898E}.Debug|Any CPU.Build.0 = Debug|Any CPU
		{2112C6FA-A715-6E2D-8FD6-7A20C58E898E}.Release|Any CPU.ActiveCfg = Release|Any CPU
		{2112C6FA-A715-6E2D-8FD6-7A20C58E898E}.Release|Any CPU.Build.0 = Release|Any CPU
	EndGlobalSection
	GlobalSection(SolutionProperties) = preSolution
		HideSolutionNode = FALSE
	EndGlobalSection
EndGlobal
